
Microsoft Visual Studio Solution File, Format Version 12.00
# Visual Studio Version 16
VisualStudioVersion = 16.0.30503.244
MinimumVisualStudioVersion = 10.0.40219.1
Project("{FAE04EC0-301F-11D3-BF4B-00C04F79EFBC}") = "BOTAbritradorPorPlazoInverso", "BOTAbritradorPorPlazoInverso.csproj", "{09428503-A499-40B7-A1FF-BC4319C3E06D}"
EndProject
Project("{2150E333-8FDC-42A3-9474-1A3956D46DE8}") = "Solution Items", "Solution Items", "{ADF10F56-C1B7-4B6F-9F5D-BE662334F297}"
EndProject
Global
	GlobalSection(SolutionConfigurationPlatforms) = preSolution
		Debug|Any CPU = Debug|Any CPU
		Debug|ARM = Debug|ARM
		Debug|ARM64 = Debug|ARM64
		Debug|x64 = Debug|x64
		Debug|x86 = Debug|x86
		Release|Any CPU = Release|Any CPU
		Release|ARM = Release|ARM
		Release|ARM64 = Release|ARM64
		Release|x64 = Release|x64
		Release|x86 = Release|x86
	EndGlobalSection
	GlobalSection(ProjectConfigurationPlatforms) = postSolution
		{09428503-A499-40B7-A1FF-BC4319C3E06D}.Debug|Any CPU.ActiveCfg = Debug|Any CPU
		{09428503-A499-40B7-A1FF-BC4319C3E06D}.Debug|Any CPU.Build.0 = Debug|Any CPU
		{09428503-A499-40B7-A1FF-BC4319C3E06D}.Debug|ARM.ActiveCfg = Debug|Any CPU
		{09428503-A499-40B7-A1FF-BC4319C3E06D}.Debug|ARM.Build.0 = Debug|Any CPU
		{09428503-A499-40B7-A1FF-BC4319C3E06D}.Debug|ARM64.ActiveCfg = Debug|Any CPU
		{09428503-A499-40B7-A1FF-BC4319C3E06D}.Debug|ARM64.Build.0 = Debug|Any CPU
		{09428503-A499-40B7-A1FF-BC4319C3E06D}.Debug|x64.ActiveCfg = Debug|Any CPU
		{09428503-A499-40B7-A1FF-BC4319C3E06D}.Debug|x64.Build.0 = Debug|Any CPU
		{09428503-A499-40B7-A1FF-BC4319C3E06D}.Debug|x86.ActiveCfg = Debug|Any CPU
		{09428503-A499-40B7-A1FF-BC4319C3E06D}.Debug|x86.Build.0 = Debug|Any CPU
		{09428503-A499-40B7-A1FF-BC4319C3E06D}.Release|Any CPU.ActiveCfg = Release|Any CPU
		{09428503-A499-40B7-A1FF-BC4319C3E06D}.Release|Any CPU.Build.0 = Release|Any CPU
		{09428503-A499-40B7-A1FF-BC4319C3E06D}.Release|ARM.ActiveCfg = Release|Any CPU
		{09428503-A499-40B7-A1FF-BC4319C3E06D}.Release|ARM.Build.0 = Release|Any CPU
		{09428503-A499-40B7-A1FF-BC4319C3E06D}.Release|ARM64.ActiveCfg = Release|Any CPU
		{09428503-A499-40B7-A1FF-BC4319C3E06D}.Release|ARM64.Build.0 = Release|Any CPU
		{09428503-A499-40B7-A1FF-BC4319C3E06D}.Release|x64.ActiveCfg = Release|Any CPU
		{09428503-A499-40B7-A1FF-BC4319C3E06D}.Release|x64.Build.0 = Release|Any CPU
		{09428503-A499-40B7-A1FF-BC4319C3E06D}.Release|x86.ActiveCfg = Release|Any CPU
		{09428503-A499-40B7-A1FF-BC4319C3E06D}.Release|x86.Build.0 = Release|Any CPU
	EndGlobalSection
	GlobalSection(SolutionProperties) = preSolution
		HideSolutionNode = FALSE
	EndGlobalSection
	GlobalSection(ExtensibilityGlobals) = postSolution
		SolutionGuid = {BDBAF027-DB76-4328-9491-561AEB5183C8}
	EndGlobalSection
EndGlobal
